
Microsoft Visual Studio Solution File, Format Version 11.00
# Visual Studio 2010
Project("{FAE04EC0-301F-11D3-BF4B-00C04F79EFBC}") = "WireLoop-masterSecond", "Assembly-CSharp.csproj", "{9AB1581B-A176-2592-FA6A-A96D20392E3C}"
EndProject
Project("{FAE04EC0-301F-11D3-BF4B-00C04F79EFBC}") = "WireLoop-masterSecond", "Assembly-CSharp-Editor.csproj", "{6E6AFC98-0E00-2683-23E2-5BC8EFC6A7AD}"
EndProject
Global
	GlobalSection(SolutionConfigurationPlatforms) = preSolution
		Debug|Any CPU = Debug|Any CPU
		Release|Any CPU = Release|Any CPU
	EndGlobalSection
	GlobalSection(ProjectConfigurationPlatforms) = postSolution
		{9AB1581B-A176-2592-FA6A-A96D20392E3C}.Debug|Any CPU.ActiveCfg = Debug|Any CPU
		{9AB1581B-A176-2592-FA6A-A96D20392E3C}.Debug|Any CPU.Build.0 = Debug|Any CPU
		{9AB1581B-A176-2592-FA6A-A96D20392E3C}.Release|Any CPU.ActiveCfg = Release|Any CPU
		{9AB1581B-A176-2592-FA6A-A96D20392E3C}.Release|Any CPU.Build.0 = Release|Any CPU
		{6E6AFC98-0E00-2683-23E2-5BC8EFC6A7AD}.Debug|Any CPU.ActiveCfg = Debug|Any CPU
		{6E6AFC98-0E00-2683-23E2-5BC8EFC6A7AD}.Debug|Any CPU.Build.0 = Debug|Any CPU
		{6E6AFC98-0E00-2683-23E2-5BC8EFC6A7AD}.Release|Any CPU.ActiveCfg = Release|Any CPU
		{6E6AFC98-0E00-2683-23E2-5BC8EFC6A7AD}.Release|Any CPU.Build.0 = Release|Any CPU
	EndGlobalSection
	GlobalSection(SolutionProperties) = preSolution
		HideSolutionNode = FALSE
	EndGlobalSection
	GlobalSection(MonoDevelopProperties) = preSolution
		StartupItem = Assembly-CSharp.csproj
	EndGlobalSection
EndGlobal
